// !$*UTF8*$!
{
	archiveVersion = 1;
	classes = {
	};
	objectVersion = 50;
	objects = {

/* Begin PBXBuildFile section */
		CE4076AD2215BA24007D45A0 /* AppDelegate.swift in Sources */ = {isa = PBXBuildFile; fileRef = CE4076AC2215BA24007D45A0 /* AppDelegate.swift */; };
		CE4076AF2215BA24007D45A0 /* ViewController.swift in Sources */ = {isa = PBXBuildFile; fileRef = CE4076AE2215BA24007D45A0 /* ViewController.swift */; };
		CE4076B22215BA25007D45A0 /* Main.storyboard in Resources */ = {isa = PBXBuildFile; fileRef = CE4076B02215BA25007D45A0 /* Main.storyboard */; };
		CE4076B42215BA26007D45A0 /* Assets.xcassets in Resources */ = {isa = PBXBuildFile; fileRef = CE4076B32215BA26007D45A0 /* Assets.xcassets */; };
		CE4076B72215BA26007D45A0 /* LaunchScreen.storyboard in Resources */ = {isa = PBXBuildFile; fileRef = CE4076B52215BA26007D45A0 /* LaunchScreen.storyboard */; };
		CE4076C22215BA26007D45A0 /* LightTests.swift in Sources */ = {isa = PBXBuildFile; fileRef = CE4076C12215BA26007D45A0 /* LightTests.swift */; };
		CE4076CD2215BA26007D45A0 /* LightUITests.swift in Sources */ = {isa = PBXBuildFile; fileRef = CE4076CC2215BA26007D45A0 /* LightUITests.swift */; };
/* End PBXBuildFile section */

/* Begin PBXContainerItemProxy section */
		CE4076BE2215BA26007D45A0 /* PBXContainerItemProxy */ = {
			isa = PBXContainerItemProxy;
			containerPortal = CE4076A12215BA24007D45A0 /* Project object */;
			proxyType = 1;
			remoteGlobalIDString = CE4076A82215BA24007D45A0;
			remoteInfo = Light;
		};
		CE4076C92215BA26007D45A0 /* PBXContainerItemProxy */ = {
			isa = PBXContainerItemProxy;
			containerPortal = CE4076A12215BA24007D45A0 /* Project object */;
			proxyType = 1;
			remoteGlobalIDString = CE4076A82215BA24007D45A0;
			remoteInfo = Light;
		};
/* End PBXContainerItemProxy section */

/* Begin PBXFileReference section */
		CE4076A92215BA24007D45A0 /* Light.app */ = {isa = PBXFileReference; explicitFileType = wrapper.application; includeInIndex = 0; path = Light.app; sourceTree = BUILT_PRODUCTS_DIR; };
		CE4076AC2215BA24007D45A0 /* AppDelegate.swift */ = {isa = PBXFileReference; lastKnownFileType = sourcecode.swift; path = AppDelegate.swift; sourceTree = "<group>"; };
		CE4076AE2215BA24007D45A0 /* ViewController.swift */ = {isa = PBXFileReference; lastKnownFileType = sourcecode.swift; path = ViewController.swift; sourceTree = "<group>"; };
		CE4076B12215BA25007D45A0 /* Base */ = {isa = PBXFileReference; lastKnownFileType = file.storyboard; name = Base; path = Base.lproj/Main.storyboard; sourceTree = "<group>"; };
		CE4076B32215BA26007D45A0 /* Assets.xcassets */ = {isa = PBXFileReference; lastKnownFileType = folder.assetcatalog; path = Assets.xcassets; sourceTree = "<group>"; };
		CE4076B62215BA26007D45A0 /* Base */ = {isa = PBXFileReference; lastKnownFileType = file.storyboard; name = Base; path = Base.lproj/LaunchScreen.storyboard; sourceTree = "<group>"; };
		CE4076B82215BA26007D45A0 /* Info.plist */ = {isa = PBXFileReference; lastKnownFileType = text.plist.xml; path = Info.plist; sourceTree = "<group>"; };
		CE4076BD2215BA26007D45A0 /* LightTests.xctest */ = {isa = PBXFileReference; explicitFileType = wrapper.cfbundle; includeInIndex = 0; path = LightTests.xctest; sourceTree = BUILT_PRODUCTS_DIR; };
		CE4076C12215BA26007D45A0 /* LightTests.swift */ = {isa = PBXFileReference; lastKnownFileType = sourcecode.swift; path = LightTests.swift; sourceTree = "<group>"; };
		CE4076C32215BA26007D45A0 /* Info.plist */ = {isa = PBXFileReference; lastKnownFileType = text.plist.xml; path = Info.plist; sourceTree = "<group>"; };
		CE4076C82215BA26007D45A0 /* LightUITests.xctest */ = {isa = PBXFileReference; explicitFileType = wrapper.cfbundle; includeInIndex = 0; path = LightUITests.xctest; sourceTree = BUILT_PRODUCTS_DIR; };
		CE4076CC2215BA26007D45A0 /* LightUITests.swift */ = {isa = PBXFileReference; lastKnownFileType = sourcecode.swift; path = LightUITests.swift; sourceTree = "<group>"; };
		CE4076CE2215BA26007D45A0 /* Info.plist */ = {isa = PBXFileReference; lastKnownFileType = text.plist.xml; path = Info.plist; sourceTree = "<group>"; };
/* End PBXFileReference section */

/* Begin PBXFrameworksBuildPhase section */
		CE4076A62215BA24007D45A0 /* Frameworks */ = {
			isa = PBXFrameworksBuildPhase;
			buildActionMask = 2147483647;
			files = (
			);
			runOnlyForDeploymentPostprocessing = 0;
		};
		CE4076BA2215BA26007D45A0 /* Frameworks */ = {
			isa = PBXFrameworksBuildPhase;
			buildActionMask = 2147483647;
			files = (
			);
			runOnlyForDeploymentPostprocessing = 0;
		};
		CE4076C52215BA26007D45A0 /* Frameworks */ = {
			isa = PBXFrameworksBuildPhase;
			buildActionMask = 2147483647;
			files = (
			);
			runOnlyForDeploymentPostprocessing = 0;
		};
/* End PBXFrameworksBuildPhase section */

/* Begin PBXGroup section */
		CE4076A02215BA24007D45A0 = {
			isa = PBXGroup;
			children = (
				CE4076AB2215BA24007D45A0 /* Light */,
				CE4076C02215BA26007D45A0 /* LightTests */,
				CE4076CB2215BA26007D45A0 /* LightUITests */,
				CE4076AA2215BA24007D45A0 /* Products */,
			);
			sourceTree = "<group>";
		};
		CE4076AA2215BA24007D45A0 /* Products */ = {
			isa = PBXGroup;
			children = (
				CE4076A92215BA24007D45A0 /* Light.app */,
				CE4076BD2215BA26007D45A0 /* LightTests.xctest */,
				CE4076C82215BA26007D45A0 /* LightUITests.xctest */,
			);
			name = Products;
			sourceTree = "<group>";
		};
		CE4076AB2215BA24007D45A0 /* Light */ = {
			isa = PBXGroup;
			children = (
				CE4076AC2215BA24007D45A0 /* AppDelegate.swift */,
				CE4076AE2215BA24007D45A0 /* ViewController.swift */,
				CE4076B02215BA25007D45A0 /* Main.storyboard */,
				CE4076B32215BA26007D45A0 /* Assets.xcassets */,
				CE4076B52215BA26007D45A0 /* LaunchScreen.storyboard */,
				CE4076B82215BA26007D45A0 /* Info.plist */,
			);
			path = Light;
			sourceTree = "<group>";
		};
		CE4076C02215BA26007D45A0 /* LightTests */ = {
			isa = PBXGroup;
			children = (
				CE4076C12215BA26007D45A0 /* LightTests.swift */,
				CE4076C32215BA26007D45A0 /* Info.plist */,
			);
			path = LightTests;
			sourceTree = "<group>";
		};
		CE4076CB2215BA26007D45A0 /* LightUITests */ = {
			isa = PBXGroup;
			children = (
				CE4076CC2215BA26007D45A0 /* LightUITests.swift */,
				CE4076CE2215BA26007D45A0 /* Info.plist */,
			);
			path = LightUITests;
			sourceTree = "<group>";
		};
/* End PBXGroup section */

/* Begin PBXNativeTarget section */
		CE4076A82215BA24007D45A0 /* Light */ = {
			isa = PBXNativeTarget;
			buildConfigurationList = CE4076D12215BA26007D45A0 /* Build configuration list for PBXNativeTarget "Light" */;
			buildPhases = (
				CE4076A52215BA24007D45A0 /* Sources */,
				CE4076A62215BA24007D45A0 /* Frameworks */,
				CE4076A72215BA24007D45A0 /* Resources */,
			);
			buildRules = (
			);
			dependencies = (
			);
			name = Light;
			productName = Light;
			productReference = CE4076A92215BA24007D45A0 /* Light.app */;
			productType = "com.apple.product-type.application";
		};
		CE4076BC2215BA26007D45A0 /* LightTests */ = {
			isa = PBXNativeTarget;
			buildConfigurationList = CE4076D42215BA26007D45A0 /* Build configuration list for PBXNativeTarget "LightTests" */;
			buildPhases = (
				CE4076B92215BA26007D45A0 /* Sources */,
				CE4076BA2215BA26007D45A0 /* Frameworks */,
				CE4076BB2215BA26007D45A0 /* Resources */,
			);
			buildRules = (
			);
			dependencies = (
				CE4076BF2215BA26007D45A0 /* PBXTargetDependency */,
			);
			name = LightTests;
			productName = LightTests;
			productReference = CE4076BD2215BA26007D45A0 /* LightTests.xctest */;
			productType = "com.apple.product-type.bundle.unit-test";
		};
		CE4076C72215BA26007D45A0 /* LightUITests */ = {
			isa = PBXNativeTarget;
			buildConfigurationList = CE4076D72215BA26007D45A0 /* Build configuration list for PBXNativeTarget "LightUITests" */;
			buildPhases = (
				CE4076C42215BA26007D45A0 /* Sources */,
				CE4076C52215BA26007D45A0 /* Frameworks */,
				CE4076C62215BA26007D45A0 /* Resources */,
			);
			buildRules = (
			);
			dependencies = (
				CE4076CA2215BA26007D45A0 /* PBXTargetDependency */,
			);
			name = LightUITests;
			productName = LightUITests;
			productReference = CE4076C82215BA26007D45A0 /* LightUITests.xctest */;
			productType = "com.apple.product-type.bundle.ui-testing";
		};
/* End PBXNativeTarget section */

/* Begin PBXProject section */
		CE4076A12215BA24007D45A0 /* Project object */ = {
			isa = PBXProject;
			attributes = {
				LastSwiftUpdateCheck = 1010;
				LastUpgradeCheck = 1010;
				ORGANIZATIONNAME = "Min Woo";
				TargetAttributes = {
					CE4076A82215BA24007D45A0 = {
						CreatedOnToolsVersion = 10.1;
					};
					CE4076BC2215BA26007D45A0 = {
						CreatedOnToolsVersion = 10.1;
						TestTargetID = CE4076A82215BA24007D45A0;
					};
					CE4076C72215BA26007D45A0 = {
						CreatedOnToolsVersion = 10.1;
						TestTargetID = CE4076A82215BA24007D45A0;
					};
				};
			};
			buildConfigurationList = CE4076A42215BA24007D45A0 /* Build configuration list for PBXProject "Light" */;
			compatibilityVersion = "Xcode 9.3";
			developmentRegion = en;
			hasScannedForEncodings = 0;
			knownRegions = (
				en,
				Base,
			);
			mainGroup = CE4076A02215BA24007D45A0;
			productRefGroup = CE4076AA2215BA24007D45A0 /* Products */;
			projectDirPath = "";
			projectRoot = "";
			targets = (
				CE4076A82215BA24007D45A0 /* Light */,
				CE4076BC2215BA26007D45A0 /* LightTests */,
				CE4076C72215BA26007D45A0 /* LightUITests */,
			);
		};
/* End PBXProject section */

/* Begin PBXResourcesBuildPhase section */
		CE4076A72215BA24007D45A0 /* Resources */ = {
			isa = PBXResourcesBuildPhase;
			buildActionMask = 2147483647;
			files = (
				CE4076B72215BA26007D45A0 /* LaunchScreen.storyboard in Resources */,
				CE4076B42215BA26007D45A0 /* Assets.xcassets in Resources */,
				CE4076B22215BA25007D45A0 /* Main.storyboard in Resources */,
			);
			runOnlyForDeploymentPostprocessing = 0;
		};
		CE4076BB2215BA26007D45A0 /* Resources */ = {
			isa = PBXResourcesBuildPhase;
			buildActionMask = 2147483647;
			files = (
			);
			runOnlyForDeploymentPostprocessing = 0;
		};
		CE4076C62215BA26007D45A0 /* Resources */ = {
			isa = PBXResourcesBuildPhase;
			buildActionMask = 2147483647;
			files = (
			);
			runOnlyForDeploymentPostprocessing = 0;
		};
/* End PBXResourcesBuildPhase section */

/* Begin PBXSourcesBuildPhase section */
		CE4076A52215BA24007D45A0 /* Sources */ = {
			isa = PBXSourcesBuildPhase;
			buildActionMask = 2147483647;
			files = (
				CE4076AF2215BA24007D45A0 /* ViewController.swift in Sources */,
				CE4076AD2215BA24007D45A0 /* AppDelegate.swift in Sources */,
			);
			runOnlyForDeploymentPostprocessing = 0;
		};
		CE4076B92215BA26007D45A0 /* Sources */ = {
			isa = PBXSourcesBuildPhase;
			buildActionMask = 2147483647;
			files = (
				CE4076C22215BA26007D45A0 /* LightTests.swift in Sources */,
			);
			runOnlyForDeploymentPostprocessing = 0;
		};
		CE4076C42215BA26007D45A0 /* Sources */ = {
			isa = PBXSourcesBuildPhase;
			buildActionMask = 2147483647;
			files = (
				CE4076CD2215BA26007D45A0 /* LightUITests.swift in Sources */,
			);
			runOnlyForDeploymentPostprocessing = 0;
		};
/* End PBXSourcesBuildPhase section */

/* Begin PBXTargetDependency section */
		CE4076BF2215BA26007D45A0 /* PBXTargetDependency */ = {
			isa = PBXTargetDependency;
			target = CE4076A82215BA24007D45A0 /* Light */;
			targetProxy = CE4076BE2215BA26007D45A0 /* PBXContainerItemProxy */;
		};
		CE4076CA2215BA26007D45A0 /* PBXTargetDependency */ = {
			isa = PBXTargetDependency;
			target = CE4076A82215BA24007D45A0 /* Light */;
			targetProxy = CE4076C92215BA26007D45A0 /* PBXContainerItemProxy */;
		};
/* End PBXTargetDependency section */

/* Begin PBXVariantGroup section */
		CE4076B02215BA25007D45A0 /* Main.storyboard */ = {
			isa = PBXVariantGroup;
			children = (
				CE4076B12215BA25007D45A0 /* Base */,
			);
			name = Main.storyboard;
			sourceTree = "<group>";
		};
		CE4076B52215BA26007D45A0 /* LaunchScreen.storyboard */ = {
			isa = PBXVariantGroup;
			children = (
				CE4076B62215BA26007D45A0 /* Base */,
			);
			name = LaunchScreen.storyboard;
			sourceTree = "<group>";
		};
/* End PBXVariantGroup section */

/* Begin XCBuildConfiguration section */
		CE4076CF2215BA26007D45A0 /* Debug */ = {
			isa = XCBuildConfiguration;
			buildSettings = {
				ALWAYS_SEARCH_USER_PATHS = NO;
				CLANG_ANALYZER_NONNULL = YES;
				CLANG_ANALYZER_NUMBER_OBJECT_CONVERSION = YES_AGGRESSIVE;
				CLANG_CXX_LANGUAGE_STANDARD = "gnu++14";
				CLANG_CXX_LIBRARY = "libc++";
				CLANG_ENABLE_MODULES = YES;
				CLANG_ENABLE_OBJC_ARC = YES;
				CLANG_ENABLE_OBJC_WEAK = YES;
				CLANG_WARN_BLOCK_CAPTURE_AUTORELEASING = YES;
				CLANG_WARN_BOOL_CONVERSION = YES;
				CLANG_WARN_COMMA = YES;
				CLANG_WARN_CONSTANT_CONVERSION = YES;
				CLANG_WARN_DEPRECATED_OBJC_IMPLEMENTATIONS = YES;
				CLANG_WARN_DIRECT_OBJC_ISA_USAGE = YES_ERROR;
				CLANG_WARN_DOCUMENTATION_COMMENTS = YES;
				CLANG_WARN_EMPTY_BODY = YES;
				CLANG_WARN_ENUM_CONVERSION = YES;
				CLANG_WARN_INFINITE_RECURSION = YES;
				CLANG_WARN_INT_CONVERSION = YES;
				CLANG_WARN_NON_LITERAL_NULL_CONVERSION = YES;
				CLANG_WARN_OBJC_IMPLICIT_RETAIN_SELF = YES;
				CLANG_WARN_OBJC_LITERAL_CONVERSION = YES;
				CLANG_WARN_OBJC_ROOT_CLASS = YES_ERROR;
				CLANG_WARN_RANGE_LOOP_ANALYSIS = YES;
				CLANG_WARN_STRICT_PROTOTYPES = YES;
				CLANG_WARN_SUSPICIOUS_MOVE = YES;
				CLANG_WARN_UNGUARDED_AVAILABILITY = YES_AGGRESSIVE;
				CLANG_WARN_UNREACHABLE_CODE = YES;
				CLANG_WARN__DUPLICATE_METHOD_MATCH = YES;
				CODE_SIGN_IDENTITY = "iPhone Developer";
				COPY_PHASE_STRIP = NO;
				DEBUG_INFORMATION_FORMAT = dwarf;
				ENABLE_STRICT_OBJC_MSGSEND = YES;
				ENABLE_TESTABILITY = YES;
				GCC_C_LANGUAGE_STANDARD = gnu11;
				GCC_DYNAMIC_NO_PIC = NO;
				GCC_NO_COMMON_BLOCKS = YES;
				GCC_OPTIMIZATION_LEVEL = 0;
				GCC_PREPROCESSOR_DEFINITIONS = (
					"DEBUG=1",
					"$(inherited)",
				);
				GCC_WARN_64_TO_32_BIT_CONVERSION = YES;
				GCC_WARN_ABOUT_RETURN_TYPE = YES_ERROR;
				GCC_WARN_UNDECLARED_SELECTOR = YES;
				GCC_WARN_UNINITIALIZED_AUTOS = YES_AGGRESSIVE;
				GCC_WARN_UNUSED_FUNCTION = YES;
				GCC_WARN_UNUSED_VARIABLE = YES;
				IPHONEOS_DEPLOYMENT_TARGET = 12.1;
				MTL_ENABLE_DEBUG_INFO = INCLUDE_SOURCE;
				MTL_FAST_MATH = YES;
				ONLY_ACTIVE_ARCH = YES;
				SDKROOT = iphoneos;
				SWIFT_ACTIVE_COMPILATION_CONDITIONS = DEBUG;
				SWIFT_OPTIMIZATION_LEVEL = "-Onone";
			};
			name = Debug;
		};
		CE4076D02215BA26007D45A0 /* Release */ = {
			isa = XCBuildConfiguration;
			buildSettings = {
				ALWAYS_SEARCH_USER_PATHS = NO;
				CLANG_ANALYZER_NONNULL = YES;
				CLANG_ANALYZER_NUMBER_OBJECT_CONVERSION = YES_AGGRESSIVE;
				CLANG_CXX_LANGUAGE_STANDARD = "gnu++14";
				CLANG_CXX_LIBRARY = "libc++";
				CLANG_ENABLE_MODULES = YES;
				CLANG_ENABLE_OBJC_ARC = YES;
				CLANG_ENABLE_OBJC_WEAK = YES;
				CLANG_WARN_BLOCK_CAPTURE_AUTORELEASING = YES;
				CLANG_WARN_BOOL_CONVERSION = YES;
				CLANG_WARN_COMMA = YES;
				CLANG_WARN_CONSTANT_CONVERSION = YES;
				CLANG_WARN_DEPRECATED_OBJC_IMPLEMENTATIONS = YES;
				CLANG_WARN_DIRECT_OBJC_ISA_USAGE = YES_ERROR;
				CLANG_WARN_DOCUMENTATION_COMMENTS = YES;
				CLANG_WARN_EMPTY_BODY = YES;
				CLANG_WARN_ENUM_CONVERSION = YES;
				CLANG_WARN_INFINITE_RECURSION = YES;
				CLANG_WARN_INT_CONVERSION = YES;
				CLANG_WARN_NON_LITERAL_NULL_CONVERSION = YES;
				CLANG_WARN_OBJC_IMPLICIT_RETAIN_SELF = YES;
				CLANG_WARN_OBJC_LITERAL_CONVERSION = YES;
				CLANG_WARN_OBJC_ROOT_CLASS = YES_ERROR;
				CLANG_WARN_RANGE_LOOP_ANALYSIS = YES;
				CLANG_WARN_STRICT_PROTOTYPES = YES;
				CLANG_WARN_SUSPICIOUS_MOVE = YES;
				CLANG_WARN_UNGUARDED_AVAILABILITY = YES_AGGRESSIVE;
				CLANG_WARN_UNREACHABLE_CODE = YES;
				CLANG_WARN__DUPLICATE_METHOD_MATCH = YES;
				CODE_SIGN_IDENTITY = "iPhone Developer";
				COPY_PHASE_STRIP = NO;
				DEBUG_INFORMATION_FORMAT = "dwarf-with-dsym";
				ENABLE_NS_ASSERTIONS = NO;
				ENABLE_STRICT_OBJC_MSGSEND = YES;
				GCC_C_LANGUAGE_STANDARD = gnu11;
				GCC_NO_COMMON_BLOCKS = YES;
				GCC_WARN_64_TO_32_BIT_CONVERSION = YES;
				GCC_WARN_ABOUT_RETURN_TYPE = YES_ERROR;
				GCC_WARN_UNDECLARED_SELECTOR = YES;
				GCC_WARN_UNINITIALIZED_AUTOS = YES_AGGRESSIVE;
				GCC_WARN_UNUSED_FUNCTION = YES;
				GCC_WARN_UNUSED_VARIABLE = YES;
				IPHONEOS_DEPLOYMENT_TARGET = 12.1;
				MTL_ENABLE_DEBUG_INFO = NO;
				MTL_FAST_MATH = YES;
				SDKROOT = iphoneos;
				SWIFT_COMPILATION_MODE = wholemodule;
				SWIFT_OPTIMIZATION_LEVEL = "-O";
				VALIDATE_PRODUCT = YES;
			};
			name = Release;
		};
		CE4076D22215BA26007D45A0 /* Debug */ = {
			isa = XCBuildConfiguration;
			buildSettings = {
				ASSETCATALOG_COMPILER_APPICON_NAME = AppIcon;
				CODE_SIGN_STYLE = Automatic;
				INFOPLIST_FILE = Light/Info.plist;
				LD_RUNPATH_SEARCH_PATHS = (
					"$(inherited)",
					"@executable_path/Frameworks",
				);
				PRODUCT_BUNDLE_IDENTIFIER = org.ssfs.Light;
				PRODUCT_NAME = "$(TARGET_NAME)";
				SWIFT_VERSION = 4.2;
				TARGETED_DEVICE_FAMILY = "1,2";
			};
			name = Debug;
		};
		CE4076D32215BA26007D45A0 /* Release */ = {
			isa = XCBuildConfiguration;
			buildSettings = {
				ASSETCATALOG_COMPILER_APPICON_NAME = AppIcon;
				CODE_SIGN_STYLE = Automatic;
				INFOPLIST_FILE = Light/Info.plist;
				LD_RUNPATH_SEARCH_PATHS = (
					"$(inherited)",
					"@executable_path/Frameworks",
				);
				PRODUCT_BUNDLE_IDENTIFIER = org.ssfs.Light;
				PRODUCT_NAME = "$(TARGET_NAME)";
				SWIFT_VERSION = 4.2;
				TARGETED_DEVICE_FAMILY = "1,2";
			};
			name = Release;
		};
		CE4076D52215BA26007D45A0 /* Debug */ = {
			isa = XCBuildConfiguration;
			buildSettings = {
				ALWAYS_EMBED_SWIFT_STANDARD_LIBRARIES = YES;
				BUNDLE_LOADER = "$(TEST_HOST)";
				CODE_SIGN_STYLE = Automatic;
				INFOPLIST_FILE = LightTests/Info.plist;
				LD_RUNPATH_SEARCH_PATHS = (
					"$(inherited)",
					"@executable_path/Frameworks",
					"@loader_path/Frameworks",
				);
				PRODUCT_BUNDLE_IDENTIFIER = org.ssfs.LightTests;
				PRODUCT_NAME = "$(TARGET_NAME)";
				SWIFT_VERSION = 4.2;
				TARGETED_DEVICE_FAMILY = "1,2";
				TEST_HOST = "$(BUILT_PRODUCTS_DIR)/Light.app/Light";
			};
			name = Debug;
		};
		CE4076D62215BA26007D45A0 /* Release */ = {
			isa = XCBuildConfiguration;
			buildSettings = {
				ALWAYS_EMBED_SWIFT_STANDARD_LIBRARIES = YES;
				BUNDLE_LOADER = "$(TEST_HOST)";
				CODE_SIGN_STYLE = Automatic;
				INFOPLIST_FILE = LightTests/Info.plist;
				LD_RUNPATH_SEARCH_PATHS = (
					"$(inherited)",
					"@executable_path/Frameworks",
					"@loader_path/Frameworks",
				);
				PRODUCT_BUNDLE_IDENTIFIER = org.ssfs.LightTests;
				PRODUCT_NAME = "$(TARGET_NAME)";
				SWIFT_VERSION = 4.2;
				TARGETED_DEVICE_FAMILY = "1,2";
				TEST_HOST = "$(BUILT_PRODUCTS_DIR)/Light.app/Light";
			};
			name = Release;
		};
		CE4076D82215BA26007D45A0 /* Debug */ = {
			isa = XCBuildConfiguration;
			buildSettings = {
				ALWAYS_EMBED_SWIFT_STANDARD_LIBRARIES = YES;
				CODE_SIGN_STYLE = Automatic;
				INFOPLIST_FILE = LightUITests/Info.plist;
				LD_RUNPATH_SEARCH_PATHS = (
					"$(inherited)",
					"@executable_path/Frameworks",
					"@loader_path/Frameworks",
				);
				PRODUCT_BUNDLE_IDENTIFIER = org.ssfs.LightUITests;
				PRODUCT_NAME = "$(TARGET_NAME)";
				SWIFT_VERSION = 4.2;
				TARGETED_DEVICE_FAMILY = "1,2";
				TEST_TARGET_NAME = Light;
			};
			name = Debug;
		};
		CE4076D92215BA26007D45A0 /* Release */ = {
			isa = XCBuildConfiguration;
			buildSettings = {
				ALWAYS_EMBED_SWIFT_STANDARD_LIBRARIES = YES;
				CODE_SIGN_STYLE = Automatic;
				INFOPLIST_FILE = LightUITests/Info.plist;
				LD_RUNPATH_SEARCH_PATHS = (
					"$(inherited)",
					"@executable_path/Frameworks",
					"@loader_path/Frameworks",
				);
				PRODUCT_BUNDLE_IDENTIFIER = org.ssfs.LightUITests;
				PRODUCT_NAME = "$(TARGET_NAME)";
				SWIFT_VERSION = 4.2;
				TARGETED_DEVICE_FAMILY = "1,2";
				TEST_TARGET_NAME = Light;
			};
			name = Release;
		};
/* End XCBuildConfiguration section */

/* Begin XCConfigurationList section */
		CE4076A42215BA24007D45A0 /* Build configuration list for PBXProject "Light" */ = {
			isa = XCConfigurationList;
			buildConfigurations = (
				CE4076CF2215BA26007D45A0 /* Debug */,
				CE4076D02215BA26007D45A0 /* Release */,
			);
			defaultConfigurationIsVisible = 0;
			defaultConfigurationName = Release;
		};
		CE4076D12215BA26007D45A0 /* Build configuration list for PBXNativeTarget "Light" */ = {
			isa = XCConfigurationList;
			buildConfigurations = (
				CE4076D22215BA26007D45A0 /* Debug */,
				CE4076D32215BA26007D45A0 /* Release */,
			);
			defaultConfigurationIsVisible = 0;
			defaultConfigurationName = Release;
		};
		CE4076D42215BA26007D45A0 /* Build configuration list for PBXNativeTarget "LightTests" */ = {
			isa = XCConfigurationList;
			buildConfigurations = (
				CE4076D52215BA26007D45A0 /* Debug */,
				CE4076D62215BA26007D45A0 /* Release */,
			);
			defaultConfigurationIsVisible = 0;
			defaultConfigurationName = Release;
		};
		CE4076D72215BA26007D45A0 /* Build configuration list for PBXNativeTarget "LightUITests" */ = {
			isa = XCConfigurationList;
			buildConfigurations = (
				CE4076D82215BA26007D45A0 /* Debug */,
				CE4076D92215BA26007D45A0 /* Release */,
			);
			defaultConfigurationIsVisible = 0;
			defaultConfigurationName = Release;
		};
/* End XCConfigurationList section */
	};
	rootObject = CE4076A12215BA24007D45A0 /* Project object */;
}
